
Microsoft Visual Studio Solution File, Format Version 12.00
# Visual Studio Version 17
VisualStudioVersion = 17.9.34701.34
MinimumVisualStudioVersion = 10.0.40219.1
Project("{FAE04EC0-301F-11D3-BF4B-00C04F79EFBC}") = "classement_chiffres", "classement_chiffres.csproj", "{7B4286F8-A7D3-471D-B75D-5D1642F3A37D}"
EndProject
Global
	GlobalSection(SolutionConfigurationPlatforms) = preSolution
		Debug|Any CPU = Debug|Any CPU
		Release|Any CPU = Release|Any CPU
	EndGlobalSection
	GlobalSection(ProjectConfigurationPlatforms) = postSolution
		{7B4286F8-A7D3-471D-B75D-5D1642F3A37D}.Debug|Any CPU.ActiveCfg = Debug|Any CPU
		{7B4286F8-A7D3-471D-B75D-5D1642F3A37D}.Debug|Any CPU.Build.0 = Debug|Any CPU
		{7B4286F8-A7D3-471D-B75D-5D1642F3A37D}.Release|Any CPU.ActiveCfg = Release|Any CPU
		{7B4286F8-A7D3-471D-B75D-5D1642F3A37D}.Release|Any CPU.Build.0 = Release|Any CPU
	EndGlobalSection
	GlobalSection(SolutionProperties) = preSolution
		HideSolutionNode = FALSE
	EndGlobalSection
	GlobalSection(ExtensibilityGlobals) = postSolution
		SolutionGuid = {E3BECBA5-22D9-4DFE-8A2A-19374624DF3D}
	EndGlobalSection
EndGlobal
